
Microsoft Visual Studio Solution File, Format Version 12.00
# Visual Studio 15
VisualStudioVersion = 15.0.28307.168
MinimumVisualStudioVersion = 10.0.40219.1
Project("{9A19103F-16F7-4668-BE54-9A1E7A4F7556}") = "CalculatorExample", "CalculatorExample\CalculatorExample.csproj", "{5692D146-4409-4274-A9F0-18BA2C161217}"
EndProject
Project("{FAE04EC0-301F-11D3-BF4B-00C04F79EFBC}") = "XUnitTestCalculator", "XUnitTestCalculator\XUnitTestCalculator.csproj", "{EB8C8D90-DA16-44E8-81D0-7D1B29484176}"
EndProject
Global
	GlobalSection(SolutionConfigurationPlatforms) = preSolution
		Debug|Any CPU = Debug|Any CPU
		Release|Any CPU = Release|Any CPU
	EndGlobalSection
	GlobalSection(ProjectConfigurationPlatforms) = postSolution
		{5692D146-4409-4274-A9F0-18BA2C161217}.Debug|Any CPU.ActiveCfg = Debug|Any CPU
		{5692D146-4409-4274-A9F0-18BA2C161217}.Debug|Any CPU.Build.0 = Debug|Any CPU
		{5692D146-4409-4274-A9F0-18BA2C161217}.Release|Any CPU.ActiveCfg = Release|Any CPU
		{5692D146-4409-4274-A9F0-18BA2C161217}.Release|Any CPU.Build.0 = Release|Any CPU
		{EB8C8D90-DA16-44E8-81D0-7D1B29484176}.Debug|Any CPU.ActiveCfg = Debug|Any CPU
		{EB8C8D90-DA16-44E8-81D0-7D1B29484176}.Debug|Any CPU.Build.0 = Debug|Any CPU
		{EB8C8D90-DA16-44E8-81D0-7D1B29484176}.Release|Any CPU.ActiveCfg = Release|Any CPU
		{EB8C8D90-DA16-44E8-81D0-7D1B29484176}.Release|Any CPU.Build.0 = Release|Any CPU
	EndGlobalSection
	GlobalSection(SolutionProperties) = preSolution
		HideSolutionNode = FALSE
	EndGlobalSection
	GlobalSection(ExtensibilityGlobals) = postSolution
		SolutionGuid = {F36FE688-E007-48BE-9904-DE14D96A4DAE}
	EndGlobalSection
EndGlobal
